
Microsoft Visual Studio Solution File, Format Version 12.00
# Visual Studio Version 16
VisualStudioVersion = 16.0.31005.135
MinimumVisualStudioVersion = 10.0.40219.1
Project("{FAE04EC0-301F-11D3-BF4B-00C04F79EFBC}") = "Workaround", "Workaround\Workaround.csproj", "{76C878C9-772D-445C-B501-6AA1005186D9}"
EndProject
Project("{FAE04EC0-301F-11D3-BF4B-00C04F79EFBC}") = "Entities", "Entities\Entities.csproj", "{BE074BA1-E5E8-4299-BEB3-6B2028E63A29}"
EndProject
Project("{FAE04EC0-301F-11D3-BF4B-00C04F79EFBC}") = "Business", "Business\Business.csproj", "{F5AB087E-3B81-4707-BCB8-5E6EDBAF2E6B}"
EndProject
Global
	GlobalSection(SolutionConfigurationPlatforms) = preSolution
		Debug|Any CPU = Debug|Any CPU
		Release|Any CPU = Release|Any CPU
	EndGlobalSection
	GlobalSection(ProjectConfigurationPlatforms) = postSolution
		{76C878C9-772D-445C-B501-6AA1005186D9}.Debug|Any CPU.ActiveCfg = Debug|Any CPU
		{76C878C9-772D-445C-B501-6AA1005186D9}.Debug|Any CPU.Build.0 = Debug|Any CPU
		{76C878C9-772D-445C-B501-6AA1005186D9}.Release|Any CPU.ActiveCfg = Release|Any CPU
		{76C878C9-772D-445C-B501-6AA1005186D9}.Release|Any CPU.Build.0 = Release|Any CPU
		{BE074BA1-E5E8-4299-BEB3-6B2028E63A29}.Debug|Any CPU.ActiveCfg = Debug|Any CPU
		{BE074BA1-E5E8-4299-BEB3-6B2028E63A29}.Debug|Any CPU.Build.0 = Debug|Any CPU
		{BE074BA1-E5E8-4299-BEB3-6B2028E63A29}.Release|Any CPU.ActiveCfg = Release|Any CPU
		{BE074BA1-E5E8-4299-BEB3-6B2028E63A29}.Release|Any CPU.Build.0 = Release|Any CPU
		{F5AB087E-3B81-4707-BCB8-5E6EDBAF2E6B}.Debug|Any CPU.ActiveCfg = Debug|Any CPU
		{F5AB087E-3B81-4707-BCB8-5E6EDBAF2E6B}.Debug|Any CPU.Build.0 = Debug|Any CPU
		{F5AB087E-3B81-4707-BCB8-5E6EDBAF2E6B}.Release|Any CPU.ActiveCfg = Release|Any CPU
		{F5AB087E-3B81-4707-BCB8-5E6EDBAF2E6B}.Release|Any CPU.Build.0 = Release|Any CPU
	EndGlobalSection
	GlobalSection(SolutionProperties) = preSolution
		HideSolutionNode = FALSE
	EndGlobalSection
	GlobalSection(ExtensibilityGlobals) = postSolution
		SolutionGuid = {4CE11668-804F-4DD1-AAF9-B467ED67A3A9}
	EndGlobalSection
EndGlobal
